
Microsoft Visual Studio Solution File, Format Version 12.00
# Visual Studio Version 16
VisualStudioVersion = 16.0.30503.244
MinimumVisualStudioVersion = 10.0.40219.1
Project("{8BC9CEB8-8B4A-11D0-8D11-00A0C91BC942}") = "Lab3_OOP", "Lab3_OOP\Lab3_OOP.vcxproj", "{F23D5C9E-FC84-4610-A453-BBAC7ACB5642}"
EndProject
Global
	GlobalSection(SolutionConfigurationPlatforms) = preSolution
		Debug|x64 = Debug|x64
		Debug|x86 = Debug|x86
		Release|x64 = Release|x64
		Release|x86 = Release|x86
	EndGlobalSection
	GlobalSection(ProjectConfigurationPlatforms) = postSolution
		{F23D5C9E-FC84-4610-A453-BBAC7ACB5642}.Debug|x64.ActiveCfg = Debug|x64
		{F23D5C9E-FC84-4610-A453-BBAC7ACB5642}.Debug|x64.Build.0 = Debug|x64
		{F23D5C9E-FC84-4610-A453-BBAC7ACB5642}.Debug|x86.ActiveCfg = Debug|Win32
		{F23D5C9E-FC84-4610-A453-BBAC7ACB5642}.Debug|x86.Build.0 = Debug|Win32
		{F23D5C9E-FC84-4610-A453-BBAC7ACB5642}.Release|x64.ActiveCfg = Release|x64
		{F23D5C9E-FC84-4610-A453-BBAC7ACB5642}.Release|x64.Build.0 = Release|x64
		{F23D5C9E-FC84-4610-A453-BBAC7ACB5642}.Release|x86.ActiveCfg = Release|Win32
		{F23D5C9E-FC84-4610-A453-BBAC7ACB5642}.Release|x86.Build.0 = Release|Win32
	EndGlobalSection
	GlobalSection(SolutionProperties) = preSolution
		HideSolutionNode = FALSE
	EndGlobalSection
	GlobalSection(ExtensibilityGlobals) = postSolution
		SolutionGuid = {BB3D0140-E4B1-42C5-A7C3-B3BBBCB7EBB6}
	EndGlobalSection
EndGlobal
